PODS:
  - AFNetworking (2.3.1):
    - AFNetworking/NSURLConnection
    - AFNetworking/NSURLSession
    - AFNetworking/Reachability
    - AFNetworking/Security
    - AFNetworking/Serialization
    - AFNetworking/UIKit
  - AFNetworking/NSURLConnection (2.3.1):
    - AFNetworking/Reachability
    - AFNetworking/Security
    - AFNetworking/Serialization
  - AFNetworking/NSURLSession (2.3.1):
    - AFNetworking/Reachability
    - AFNetworking/Security
    - AFNetworking/Serialization
  - AFNetworking/Reachability (2.3.1)
  - AFNetworking/Security (2.3.1)
  - AFNetworking/Serialization (2.3.1)
  - AFNetworking/UIKit (2.3.1):
    - AFNetworking/NSURLConnection
    - AFNetworking/NSURLSession
  - CHTCollectionViewWaterfallLayout (0.7)
  - Expecta (0.2.3)
  - Mantle (1.4.1):
    - Mantle/extobjc
  - Mantle/extobjc (1.4.1)
  - Masonry (0.5.0)
  - OCMock (2.2.3)
  - ReactiveCocoa (2.3):
    - ReactiveCocoa/UI
  - ReactiveCocoa/Core (2.3):
    - ReactiveCocoa/no-arc
  - ReactiveCocoa/no-arc (2.3)
  - ReactiveCocoa/UI (2.3):
    - ReactiveCocoa/Core
  - SDWebImage (3.6):
    - SDWebImage/Core
  - SDWebImage/Core (3.6)
  - Specta (0.2.1)

DEPENDENCIES:
  - AFNetworking (~> 2.3.1)
  - CHTCollectionViewWaterfallLayout (~> 0.7)
  - Expecta
  - Mantle (~> 1.4.1)
  - Masonry (~> 0.5.0)
  - OCMock
  - ReactiveCocoa (~> 2.3)
  - SDWebImage (from `https://github.com/rs/SDWebImage.git`, commit `30f672`)
  - Specta

EXTERNAL SOURCES:
  SDWebImage:
    :commit: 30f672
    :git: https://github.com/rs/SDWebImage.git

SPEC CHECKSUMS:
  AFNetworking: 6d7b76aa5d04c8c37daad3eef4b7e3f2a7620da3
  CHTCollectionViewWaterfallLayout: 184d3b6d5456b48e93ac97e93e606bd8b68aedcc
  Expecta: 578e0c29df79a96a159187599e2def686ef6a66c
  Mantle: 1ca9c0fa84d3d3fc98524e7229f30489b6dd44e5
  Masonry: eb26a0073a2c4b0df533c39fd623fb11d79a1bd9
  OCMock: 807b6904818c42b86f42f36352ce7615b816e61a
  ReactiveCocoa: 2066583826c17dde8e90c41e489f682048cc57c9
  SDWebImage: 3cc4cfc0d0c844f7a6d216a98435acda3c178e41
  Specta: 9141310f46b1f68b676650ff2854e1ed0b74163a

COCOAPODS: 0.33.1
