PODS:
  - AFNetworking (2.2.4):
    - AFNetworking/NSURLConnection
    - AFNetworking/NSURLSession
    - AFNetworking/Reachability
    - AFNetworking/Security
    - AFNetworking/Serialization
    - AFNetworking/UIKit
  - AFNetworking/NSURLConnection (2.2.4):
    - AFNetworking/Reachability
    - AFNetworking/Security
    - AFNetworking/Serialization
  - AFNetworking/NSURLSession (2.2.4):
    - AFNetworking/NSURLConnection
  - AFNetworking/Reachability (2.2.4)
  - AFNetworking/Security (2.2.4)
  - AFNetworking/Serialization (2.2.4)
  - AFNetworking/UIKit (2.2.4):
    - AFNetworking/NSURLConnection
    - AFNetworking/NSURLSession
  - CHTCollectionViewWaterfallLayout (0.7)
  - Expecta (0.2.3)
  - Mantle (1.4.1):
    - Mantle/extobjc
  - Mantle/extobjc (1.4.1)
  - Masonry (0.5.0)
  - MDRadialProgress (1.0.4)
  - OCMock (2.2.3)
  - ReactiveCocoa (2.3):
    - ReactiveCocoa/UI
  - ReactiveCocoa/Core (2.3):
    - ReactiveCocoa/no-arc
  - ReactiveCocoa/no-arc (2.3)
  - ReactiveCocoa/UI (2.3):
    - ReactiveCocoa/Core
  - SDWebImage (3.6):
    - SDWebImage/Core
  - SDWebImage/Core (3.6)
  - Specta (0.2.1)

DEPENDENCIES:
  - AFNetworking (~> 2.2.4)
  - CHTCollectionViewWaterfallLayout (~> 0.7)
  - Expecta
  - Mantle (~> 1.4.1)
  - Masonry (~> 0.5.0)
  - MDRadialProgress (~> 1.0.4)
  - OCMock
  - ReactiveCocoa (~> 2.3)
  - SDWebImage (~> 3.6)
  - Specta

SPEC CHECKSUMS:
  AFNetworking: 01aa7c3aa9a200b94943e54072a4373f14b3d219
  CHTCollectionViewWaterfallLayout: a637d6271c9e8a2605bec8135d14e73e3a48288f
  Expecta: 2434bb2e2b3b1814280ec5d9a11359433d035975
  Mantle: 0714cdb2b8559d9e6c2410d6a8529e3307bff189
  Masonry: bef482b29f00b33a2da916e1011af85f5d371d66
  MDRadialProgress: 76a08c76ecdcadcad74df0dc54fefd130e90b70c
  OCMock: ea7fe30ee99e4e3186ad47d032a301fa7e8793ec
  ReactiveCocoa: dde7b11a14954edf789e7343b2c32e595caabd01
  SDWebImage: 7eb273e54ca8a2e506ad9bd5e80c35b2a4d7c95e
  Specta: 2d06220591110c6d9757d8be8ecf8e63aa40dc2a

COCOAPODS: 0.32.1
